
Microsoft Visual Studio Solution File, Format Version 12.00
Project("{FAE04EC0-301F-11D3-BF4B-00C04F79EFBC}") = "NYActor.Core", "NYActor.Core\NYActor.Core.csproj", "{34410AFD-072D-4619-920C-77402340E530}"
EndProject
Project("{FAE04EC0-301F-11D3-BF4B-00C04F79EFBC}") = "NYActor.Tests", "NYActor.Tests\NYActor.Tests.csproj", "{40FFC018-0E10-4A13-9765-1944CF178224}"
EndProject
Project("{FAE04EC0-301F-11D3-BF4B-00C04F79EFBC}") = "NYActor", "NYActor\NYActor.csproj", "{E45CABEB-71A1-4664-AE34-BE0A99CE410D}"
EndProject
Project("{FAE04EC0-301F-11D3-BF4B-00C04F79EFBC}") = "NYActor.Tests.V3", "NYActor.Tests.V3\NYActor.Tests.V3.csproj", "{F5632E13-0AD3-474D-BB82-A368801CFB42}"
EndProject
Project("{FAE04EC0-301F-11D3-BF4B-00C04F79EFBC}") = "NYActor.OpenTelemetry", "NYActor.OpenTelemetry\NYActor.OpenTelemetry.csproj", "{95915618-94AE-4586-8A63-0BA5A79DD9D8}"
EndProject
Project("{FAE04EC0-301F-11D3-BF4B-00C04F79EFBC}") = "NYActor.Cluster", "NYActor.Cluster\NYActor.Cluster.csproj", "{D2A5E099-3476-419C-B495-7760B612E531}"
EndProject
Project("{FAE04EC0-301F-11D3-BF4B-00C04F79EFBC}") = "NYActor.EventStore", "NYActor.EventStore\NYActor.EventStore.csproj", "{A5FE55FA-BCE4-435A-B138-69EA1E722638}"
EndProject
Project("{FAE04EC0-301F-11D3-BF4B-00C04F79EFBC}") = "NYActor.EventSourcing.Projections.Postgres", "NYActor.EventSourcing.Projections.Postgres\NYActor.EventSourcing.Projections.Postgres.csproj", "{E2B16CDE-38A0-47AE-904A-2CBB1C109118}"
EndProject
Project("{FAE04EC0-301F-11D3-BF4B-00C04F79EFBC}") = "NYActor.EventSourcing.EventStore.v5", "NYActor.EventSourcing.EventStore.v5\NYActor.EventSourcing.EventStore.v5.csproj", "{B48B8532-2A0A-4F7C-AF6D-D1F7E383FE60}"
EndProject
Global
	GlobalSection(SolutionConfigurationPlatforms) = preSolution
		Debug|Any CPU = Debug|Any CPU
		Release|Any CPU = Release|Any CPU
	EndGlobalSection
	GlobalSection(ProjectConfigurationPlatforms) = postSolution
		{34410AFD-072D-4619-920C-77402340E530}.Debug|Any CPU.ActiveCfg = Debug|Any CPU
		{34410AFD-072D-4619-920C-77402340E530}.Debug|Any CPU.Build.0 = Debug|Any CPU
		{34410AFD-072D-4619-920C-77402340E530}.Release|Any CPU.ActiveCfg = Release|Any CPU
		{34410AFD-072D-4619-920C-77402340E530}.Release|Any CPU.Build.0 = Release|Any CPU
		{40FFC018-0E10-4A13-9765-1944CF178224}.Debug|Any CPU.ActiveCfg = Debug|Any CPU
		{40FFC018-0E10-4A13-9765-1944CF178224}.Debug|Any CPU.Build.0 = Debug|Any CPU
		{40FFC018-0E10-4A13-9765-1944CF178224}.Release|Any CPU.ActiveCfg = Release|Any CPU
		{40FFC018-0E10-4A13-9765-1944CF178224}.Release|Any CPU.Build.0 = Release|Any CPU
		{E45CABEB-71A1-4664-AE34-BE0A99CE410D}.Debug|Any CPU.ActiveCfg = Debug|Any CPU
		{E45CABEB-71A1-4664-AE34-BE0A99CE410D}.Debug|Any CPU.Build.0 = Debug|Any CPU
		{E45CABEB-71A1-4664-AE34-BE0A99CE410D}.Release|Any CPU.ActiveCfg = Release|Any CPU
		{E45CABEB-71A1-4664-AE34-BE0A99CE410D}.Release|Any CPU.Build.0 = Release|Any CPU
		{F5632E13-0AD3-474D-BB82-A368801CFB42}.Debug|Any CPU.ActiveCfg = Debug|Any CPU
		{F5632E13-0AD3-474D-BB82-A368801CFB42}.Debug|Any CPU.Build.0 = Debug|Any CPU
		{F5632E13-0AD3-474D-BB82-A368801CFB42}.Release|Any CPU.ActiveCfg = Release|Any CPU
		{F5632E13-0AD3-474D-BB82-A368801CFB42}.Release|Any CPU.Build.0 = Release|Any CPU
		{95915618-94AE-4586-8A63-0BA5A79DD9D8}.Debug|Any CPU.ActiveCfg = Debug|Any CPU
		{95915618-94AE-4586-8A63-0BA5A79DD9D8}.Debug|Any CPU.Build.0 = Debug|Any CPU
		{95915618-94AE-4586-8A63-0BA5A79DD9D8}.Release|Any CPU.ActiveCfg = Release|Any CPU
		{95915618-94AE-4586-8A63-0BA5A79DD9D8}.Release|Any CPU.Build.0 = Release|Any CPU
		{D2A5E099-3476-419C-B495-7760B612E531}.Debug|Any CPU.ActiveCfg = Debug|Any CPU
		{D2A5E099-3476-419C-B495-7760B612E531}.Debug|Any CPU.Build.0 = Debug|Any CPU
		{D2A5E099-3476-419C-B495-7760B612E531}.Release|Any CPU.ActiveCfg = Release|Any CPU
		{D2A5E099-3476-419C-B495-7760B612E531}.Release|Any CPU.Build.0 = Release|Any CPU
		{A5FE55FA-BCE4-435A-B138-69EA1E722638}.Debug|Any CPU.ActiveCfg = Debug|Any CPU
		{A5FE55FA-BCE4-435A-B138-69EA1E722638}.Debug|Any CPU.Build.0 = Debug|Any CPU
		{A5FE55FA-BCE4-435A-B138-69EA1E722638}.Release|Any CPU.ActiveCfg = Release|Any CPU
		{A5FE55FA-BCE4-435A-B138-69EA1E722638}.Release|Any CPU.Build.0 = Release|Any CPU
		{E2B16CDE-38A0-47AE-904A-2CBB1C109118}.Debug|Any CPU.ActiveCfg = Debug|Any CPU
		{E2B16CDE-38A0-47AE-904A-2CBB1C109118}.Debug|Any CPU.Build.0 = Debug|Any CPU
		{E2B16CDE-38A0-47AE-904A-2CBB1C109118}.Release|Any CPU.ActiveCfg = Release|Any CPU
		{E2B16CDE-38A0-47AE-904A-2CBB1C109118}.Release|Any CPU.Build.0 = Release|Any CPU
		{B48B8532-2A0A-4F7C-AF6D-D1F7E383FE60}.Debug|Any CPU.ActiveCfg = Debug|Any CPU
		{B48B8532-2A0A-4F7C-AF6D-D1F7E383FE60}.Debug|Any CPU.Build.0 = Debug|Any CPU
		{B48B8532-2A0A-4F7C-AF6D-D1F7E383FE60}.Release|Any CPU.ActiveCfg = Release|Any CPU
		{B48B8532-2A0A-4F7C-AF6D-D1F7E383FE60}.Release|Any CPU.Build.0 = Release|Any CPU
	EndGlobalSection
EndGlobal
