
Microsoft Visual Studio Solution File, Format Version 12.00
Project("{FAE04EC0-301F-11D3-BF4B-00C04F79EFBC}") = "NYActor.Core", "NYActor.Core\NYActor.Core.csproj", "{34410AFD-072D-4619-920C-77402340E530}"
EndProject
Project("{FAE04EC0-301F-11D3-BF4B-00C04F79EFBC}") = "NYActor.EventStore", "NYActor.EventStore\NYActor.EventStore.csproj", "{B484E4DC-83DA-4AFA-838E-A4B4924EF331}"
EndProject
Global
	GlobalSection(SolutionConfigurationPlatforms) = preSolution
		Debug|Any CPU = Debug|Any CPU
		Release|Any CPU = Release|Any CPU
	EndGlobalSection
	GlobalSection(ProjectConfigurationPlatforms) = postSolution
		{34410AFD-072D-4619-920C-77402340E530}.Debug|Any CPU.ActiveCfg = Debug|Any CPU
		{34410AFD-072D-4619-920C-77402340E530}.Debug|Any CPU.Build.0 = Debug|Any CPU
		{34410AFD-072D-4619-920C-77402340E530}.Release|Any CPU.ActiveCfg = Release|Any CPU
		{34410AFD-072D-4619-920C-77402340E530}.Release|Any CPU.Build.0 = Release|Any CPU
		{B484E4DC-83DA-4AFA-838E-A4B4924EF331}.Debug|Any CPU.ActiveCfg = Debug|Any CPU
		{B484E4DC-83DA-4AFA-838E-A4B4924EF331}.Debug|Any CPU.Build.0 = Debug|Any CPU
		{B484E4DC-83DA-4AFA-838E-A4B4924EF331}.Release|Any CPU.ActiveCfg = Release|Any CPU
		{B484E4DC-83DA-4AFA-838E-A4B4924EF331}.Release|Any CPU.Build.0 = Release|Any CPU
	EndGlobalSection
EndGlobal
